
Microsoft Visual Studio Solution File, Format Version 12.00
# Visual Studio Version 16
VisualStudioVersion = 16.0.28701.123
MinimumVisualStudioVersion = 10.0.40219.1
Project("{778DAE3C-4631-46EA-AA77-85C1314464D9}") = "简单环回运输层通信", "简单环回运输层通信\简单环回运输层通信.vbproj", "{BBBDBA37-CCF4-4958-97AC-55D09A74C906}"
EndProject
Project("{778DAE3C-4631-46EA-AA77-85C1314464D9}") = "控制协议", "控制协议\控制协议.vbproj", "{8034A519-E503-42FC-B34E-277711656993}"
EndProject
Project("{F184B08F-C81C-45F6-A57F-5ABD9991F28F}") = "远程Process代理", "远程Process代理\远程Process代理.vbproj", "{7495A505-1558-4C5C-B3C4-66C97901997B}"
EndProject
Project("{F184B08F-C81C-45F6-A57F-5ABD9991F28F}") = "ProcessForUWP", "ProcessForUWP\ProcessForUWP.vbproj", "{27AAB9AC-8FB8-4570-94DD-17247E383F75}"
	ProjectSection(ProjectDependencies) = postProject
		{7495A505-1558-4C5C-B3C4-66C97901997B} = {7495A505-1558-4C5C-B3C4-66C97901997B}
	EndProjectSection
EndProject
Global
	GlobalSection(SolutionConfigurationPlatforms) = preSolution
		Debug|Any CPU = Debug|Any CPU
		Debug|ARM = Debug|ARM
		Debug|ARM64 = Debug|ARM64
		Debug|x64 = Debug|x64
		Debug|x86 = Debug|x86
		Release|Any CPU = Release|Any CPU
		Release|ARM = Release|ARM
		Release|ARM64 = Release|ARM64
		Release|x64 = Release|x64
		Release|x86 = Release|x86
	EndGlobalSection
	GlobalSection(ProjectConfigurationPlatforms) = postSolution
		{BBBDBA37-CCF4-4958-97AC-55D09A74C906}.Debug|Any CPU.ActiveCfg = Debug|Any CPU
		{BBBDBA37-CCF4-4958-97AC-55D09A74C906}.Debug|Any CPU.Build.0 = Debug|Any CPU
		{BBBDBA37-CCF4-4958-97AC-55D09A74C906}.Debug|ARM.ActiveCfg = Debug|Any CPU
		{BBBDBA37-CCF4-4958-97AC-55D09A74C906}.Debug|ARM.Build.0 = Debug|Any CPU
		{BBBDBA37-CCF4-4958-97AC-55D09A74C906}.Debug|ARM64.ActiveCfg = Debug|Any CPU
		{BBBDBA37-CCF4-4958-97AC-55D09A74C906}.Debug|ARM64.Build.0 = Debug|Any CPU
		{BBBDBA37-CCF4-4958-97AC-55D09A74C906}.Debug|x64.ActiveCfg = Debug|x64
		{BBBDBA37-CCF4-4958-97AC-55D09A74C906}.Debug|x64.Build.0 = Debug|x64
		{BBBDBA37-CCF4-4958-97AC-55D09A74C906}.Debug|x86.ActiveCfg = Debug|Any CPU
		{BBBDBA37-CCF4-4958-97AC-55D09A74C906}.Debug|x86.Build.0 = Debug|Any CPU
		{BBBDBA37-CCF4-4958-97AC-55D09A74C906}.Release|Any CPU.ActiveCfg = Release|Any CPU
		{BBBDBA37-CCF4-4958-97AC-55D09A74C906}.Release|Any CPU.Build.0 = Release|Any CPU
		{BBBDBA37-CCF4-4958-97AC-55D09A74C906}.Release|ARM.ActiveCfg = Release|Any CPU
		{BBBDBA37-CCF4-4958-97AC-55D09A74C906}.Release|ARM.Build.0 = Release|Any CPU
		{BBBDBA37-CCF4-4958-97AC-55D09A74C906}.Release|ARM64.ActiveCfg = Release|Any CPU
		{BBBDBA37-CCF4-4958-97AC-55D09A74C906}.Release|ARM64.Build.0 = Release|Any CPU
		{BBBDBA37-CCF4-4958-97AC-55D09A74C906}.Release|x64.ActiveCfg = Release|x64
		{BBBDBA37-CCF4-4958-97AC-55D09A74C906}.Release|x64.Build.0 = Release|x64
		{BBBDBA37-CCF4-4958-97AC-55D09A74C906}.Release|x86.ActiveCfg = Release|Any CPU
		{BBBDBA37-CCF4-4958-97AC-55D09A74C906}.Release|x86.Build.0 = Release|Any CPU
		{8034A519-E503-42FC-B34E-277711656993}.Debug|Any CPU.ActiveCfg = Debug|Any CPU
		{8034A519-E503-42FC-B34E-277711656993}.Debug|Any CPU.Build.0 = Debug|Any CPU
		{8034A519-E503-42FC-B34E-277711656993}.Debug|ARM.ActiveCfg = Debug|Any CPU
		{8034A519-E503-42FC-B34E-277711656993}.Debug|ARM.Build.0 = Debug|Any CPU
		{8034A519-E503-42FC-B34E-277711656993}.Debug|ARM64.ActiveCfg = Debug|Any CPU
		{8034A519-E503-42FC-B34E-277711656993}.Debug|ARM64.Build.0 = Debug|Any CPU
		{8034A519-E503-42FC-B34E-277711656993}.Debug|x64.ActiveCfg = Debug|x64
		{8034A519-E503-42FC-B34E-277711656993}.Debug|x64.Build.0 = Debug|x64
		{8034A519-E503-42FC-B34E-277711656993}.Debug|x86.ActiveCfg = Debug|Any CPU
		{8034A519-E503-42FC-B34E-277711656993}.Debug|x86.Build.0 = Debug|Any CPU
		{8034A519-E503-42FC-B34E-277711656993}.Release|Any CPU.ActiveCfg = Release|Any CPU
		{8034A519-E503-42FC-B34E-277711656993}.Release|Any CPU.Build.0 = Release|Any CPU
		{8034A519-E503-42FC-B34E-277711656993}.Release|ARM.ActiveCfg = Release|Any CPU
		{8034A519-E503-42FC-B34E-277711656993}.Release|ARM.Build.0 = Release|Any CPU
		{8034A519-E503-42FC-B34E-277711656993}.Release|ARM64.ActiveCfg = Release|Any CPU
		{8034A519-E503-42FC-B34E-277711656993}.Release|ARM64.Build.0 = Release|Any CPU
		{8034A519-E503-42FC-B34E-277711656993}.Release|x64.ActiveCfg = Release|x64
		{8034A519-E503-42FC-B34E-277711656993}.Release|x64.Build.0 = Release|x64
		{8034A519-E503-42FC-B34E-277711656993}.Release|x86.ActiveCfg = Release|Any CPU
		{8034A519-E503-42FC-B34E-277711656993}.Release|x86.Build.0 = Release|Any CPU
		{7495A505-1558-4C5C-B3C4-66C97901997B}.Debug|Any CPU.ActiveCfg = Debug|Any CPU
		{7495A505-1558-4C5C-B3C4-66C97901997B}.Debug|Any CPU.Build.0 = Debug|Any CPU
		{7495A505-1558-4C5C-B3C4-66C97901997B}.Debug|ARM.ActiveCfg = Debug|Any CPU
		{7495A505-1558-4C5C-B3C4-66C97901997B}.Debug|ARM.Build.0 = Debug|Any CPU
		{7495A505-1558-4C5C-B3C4-66C97901997B}.Debug|ARM64.ActiveCfg = Debug|Any CPU
		{7495A505-1558-4C5C-B3C4-66C97901997B}.Debug|ARM64.Build.0 = Debug|Any CPU
		{7495A505-1558-4C5C-B3C4-66C97901997B}.Debug|x64.ActiveCfg = Debug|x64
		{7495A505-1558-4C5C-B3C4-66C97901997B}.Debug|x64.Build.0 = Debug|x64
		{7495A505-1558-4C5C-B3C4-66C97901997B}.Debug|x86.ActiveCfg = Debug|Any CPU
		{7495A505-1558-4C5C-B3C4-66C97901997B}.Debug|x86.Build.0 = Debug|Any CPU
		{7495A505-1558-4C5C-B3C4-66C97901997B}.Release|Any CPU.ActiveCfg = Release|Any CPU
		{7495A505-1558-4C5C-B3C4-66C97901997B}.Release|Any CPU.Build.0 = Release|Any CPU
		{7495A505-1558-4C5C-B3C4-66C97901997B}.Release|ARM.ActiveCfg = Release|Any CPU
		{7495A505-1558-4C5C-B3C4-66C97901997B}.Release|ARM.Build.0 = Release|Any CPU
		{7495A505-1558-4C5C-B3C4-66C97901997B}.Release|ARM64.ActiveCfg = Release|Any CPU
		{7495A505-1558-4C5C-B3C4-66C97901997B}.Release|ARM64.Build.0 = Release|Any CPU
		{7495A505-1558-4C5C-B3C4-66C97901997B}.Release|x64.ActiveCfg = Release|x64
		{7495A505-1558-4C5C-B3C4-66C97901997B}.Release|x64.Build.0 = Release|x64
		{7495A505-1558-4C5C-B3C4-66C97901997B}.Release|x86.ActiveCfg = Release|Any CPU
		{7495A505-1558-4C5C-B3C4-66C97901997B}.Release|x86.Build.0 = Release|Any CPU
		{27AAB9AC-8FB8-4570-94DD-17247E383F75}.Debug|Any CPU.ActiveCfg = Debug|Any CPU
		{27AAB9AC-8FB8-4570-94DD-17247E383F75}.Debug|Any CPU.Build.0 = Debug|Any CPU
		{27AAB9AC-8FB8-4570-94DD-17247E383F75}.Debug|ARM.ActiveCfg = Debug|ARM
		{27AAB9AC-8FB8-4570-94DD-17247E383F75}.Debug|ARM.Build.0 = Debug|ARM
		{27AAB9AC-8FB8-4570-94DD-17247E383F75}.Debug|ARM64.ActiveCfg = Debug|ARM64
		{27AAB9AC-8FB8-4570-94DD-17247E383F75}.Debug|ARM64.Build.0 = Debug|ARM64
		{27AAB9AC-8FB8-4570-94DD-17247E383F75}.Debug|x64.ActiveCfg = Debug|x64
		{27AAB9AC-8FB8-4570-94DD-17247E383F75}.Debug|x64.Build.0 = Debug|x64
		{27AAB9AC-8FB8-4570-94DD-17247E383F75}.Debug|x86.ActiveCfg = Debug|x86
		{27AAB9AC-8FB8-4570-94DD-17247E383F75}.Debug|x86.Build.0 = Debug|x86
		{27AAB9AC-8FB8-4570-94DD-17247E383F75}.Release|Any CPU.ActiveCfg = Release|Any CPU
		{27AAB9AC-8FB8-4570-94DD-17247E383F75}.Release|Any CPU.Build.0 = Release|Any CPU
		{27AAB9AC-8FB8-4570-94DD-17247E383F75}.Release|ARM.ActiveCfg = Release|ARM
		{27AAB9AC-8FB8-4570-94DD-17247E383F75}.Release|ARM.Build.0 = Release|ARM
		{27AAB9AC-8FB8-4570-94DD-17247E383F75}.Release|ARM64.ActiveCfg = Release|ARM64
		{27AAB9AC-8FB8-4570-94DD-17247E383F75}.Release|ARM64.Build.0 = Release|ARM64
		{27AAB9AC-8FB8-4570-94DD-17247E383F75}.Release|x64.ActiveCfg = Release|x64
		{27AAB9AC-8FB8-4570-94DD-17247E383F75}.Release|x64.Build.0 = Release|x64
		{27AAB9AC-8FB8-4570-94DD-17247E383F75}.Release|x86.ActiveCfg = Release|x86
		{27AAB9AC-8FB8-4570-94DD-17247E383F75}.Release|x86.Build.0 = Release|x86
	EndGlobalSection
	GlobalSection(SolutionProperties) = preSolution
		HideSolutionNode = FALSE
	EndGlobalSection
	GlobalSection(ExtensibilityGlobals) = postSolution
		SolutionGuid = {3AFA4180-FFD7-49E6-9340-BBD5B4056541}
	EndGlobalSection
EndGlobal
